
Microsoft Visual Studio Solution File, Format Version 12.00
# Visual Studio 14
VisualStudioVersion = 14.0.25123.0
MinimumVisualStudioVersion = 10.0.40219.1
Project("{FAE04EC0-301F-11D3-BF4B-00C04F79EFBC}") = "Login_TTVL", "Login_TTVL\Login_TTVL.csproj", "{1BCBA0E2-E7A0-4E70-8C01-EB07A7B9437E}"
EndProject
Global
	GlobalSection(SolutionConfigurationPlatforms) = preSolution
		Debug|Any CPU = Debug|Any CPU
		Release|Any CPU = Release|Any CPU
	EndGlobalSection
	GlobalSection(ProjectConfigurationPlatforms) = postSolution
		{1BCBA0E2-E7A0-4E70-8C01-EB07A7B9437E}.Debug|Any CPU.ActiveCfg = Debug|Any CPU
		{1BCBA0E2-E7A0-4E70-8C01-EB07A7B9437E}.Debug|Any CPU.Build.0 = Debug|Any CPU
		{1BCBA0E2-E7A0-4E70-8C01-EB07A7B9437E}.Release|Any CPU.ActiveCfg = Release|Any CPU
		{1BCBA0E2-E7A0-4E70-8C01-EB07A7B9437E}.Release|Any CPU.Build.0 = Release|Any CPU
	EndGlobalSection
	GlobalSection(SolutionProperties) = preSolution
		HideSolutionNode = FALSE
	EndGlobalSection
EndGlobal
